// !$*UTF8*$!
{
	archiveVersion = 1;
	classes = {
	};
	objectVersion = 46;
	objects = {

/* Begin PBXBuildFile section */
		8CBFBB4A661E7A1E0B845828 /* Pods_NCNetWorkManager.framework in Frameworks */ = {isa = PBXBuildFile; fileRef = BC2AF91FC65C638A57123AE6 /* Pods_NCNetWorkManager.framework */; };
		C30A14601E5EE6C500E46F2B /* MJExtensionConst.m in Sources */ = {isa = PBXBuildFile; fileRef = C30A14351E5EE6C500E46F2B /* MJExtensionConst.m */; };
		C30A14611E5EE6C500E46F2B /* MJFoundation.m in Sources */ = {isa = PBXBuildFile; fileRef = C30A14371E5EE6C500E46F2B /* MJFoundation.m */; };
		C30A14621E5EE6C500E46F2B /* MJProperty.m in Sources */ = {isa = PBXBuildFile; fileRef = C30A14391E5EE6C500E46F2B /* MJProperty.m */; };
		C30A14631E5EE6C500E46F2B /* MJPropertyKey.m in Sources */ = {isa = PBXBuildFile; fileRef = C30A143B1E5EE6C500E46F2B /* MJPropertyKey.m */; };
		C30A14641E5EE6C500E46F2B /* MJPropertyType.m in Sources */ = {isa = PBXBuildFile; fileRef = C30A143D1E5EE6C500E46F2B /* MJPropertyType.m */; };
		C30A14651E5EE6C500E46F2B /* NSObject+MJClass.m in Sources */ = {isa = PBXBuildFile; fileRef = C30A143F1E5EE6C500E46F2B /* NSObject+MJClass.m */; };
		C30A14661E5EE6C500E46F2B /* NSObject+MJCoding.m in Sources */ = {isa = PBXBuildFile; fileRef = C30A14411E5EE6C500E46F2B /* NSObject+MJCoding.m */; };
		C30A14671E5EE6C500E46F2B /* NSObject+MJKeyValue.m in Sources */ = {isa = PBXBuildFile; fileRef = C30A14431E5EE6C500E46F2B /* NSObject+MJKeyValue.m */; };
		C30A14681E5EE6C500E46F2B /* NSObject+MJProperty.m in Sources */ = {isa = PBXBuildFile; fileRef = C30A14451E5EE6C500E46F2B /* NSObject+MJProperty.m */; };
		C30A14691E5EE6C500E46F2B /* NSString+MJExtension.m in Sources */ = {isa = PBXBuildFile; fileRef = C30A14471E5EE6C500E46F2B /* NSString+MJExtension.m */; };
		C30A146A1E5EE6C500E46F2B /* NCNetModel.m in Sources */ = {isa = PBXBuildFile; fileRef = C30A144B1E5EE6C500E46F2B /* NCNetModel.m */; };
		C30A146B1E5EE6C500E46F2B /* DictionaryQueue.m in Sources */ = {isa = PBXBuildFile; fileRef = C30A144E1E5EE6C500E46F2B /* DictionaryQueue.m */; };
		C30A146C1E5EE6C500E46F2B /* QueueObj.m in Sources */ = {isa = PBXBuildFile; fileRef = C30A14501E5EE6C500E46F2B /* QueueObj.m */; };
		C30A146D1E5EE6C500E46F2B /* StackObj.m in Sources */ = {isa = PBXBuildFile; fileRef = C30A14521E5EE6C500E46F2B /* StackObj.m */; };
		C30A146E1E5EE6C500E46F2B /* NCNetWorkNetManager.m in Sources */ = {isa = PBXBuildFile; fileRef = C30A14571E5EE6C500E46F2B /* NCNetWorkNetManager.m */; };
		C30A146F1E5EE6C500E46F2B /* NCNetWorkSendManager.m in Sources */ = {isa = PBXBuildFile; fileRef = C30A14591E5EE6C500E46F2B /* NCNetWorkSendManager.m */; };
		C30A14701E5EE6C500E46F2B /* NCNetWorkWrapStruct.m in Sources */ = {isa = PBXBuildFile; fileRef = C30A145B1E5EE6C500E46F2B /* NCNetWorkWrapStruct.m */; };
		C30A14711E5EE6C500E46F2B /* NSArray+AssociatedObject.m in Sources */ = {isa = PBXBuildFile; fileRef = C30A145D1E5EE6C500E46F2B /* NSArray+AssociatedObject.m */; };
		C30A14721E5EE6C500E46F2B /* NSObject+AssociatedObject.m in Sources */ = {isa = PBXBuildFile; fileRef = C30A145F1E5EE6C500E46F2B /* NSObject+AssociatedObject.m */; };
		C350C5B21E0510FE00537300 /* main.m in Sources */ = {isa = PBXBuildFile; fileRef = C350C5B11E0510FE00537300 /* main.m */; };
		C350C5B51E0510FE00537300 /* AppDelegate.m in Sources */ = {isa = PBXBuildFile; fileRef = C350C5B41E0510FE00537300 /* AppDelegate.m */; };
		C350C5B81E0510FE00537300 /* ViewController.m in Sources */ = {isa = PBXBuildFile; fileRef = C350C5B71E0510FE00537300 /* ViewController.m */; };
		C350C5BB1E0510FE00537300 /* Main.storyboard in Resources */ = {isa = PBXBuildFile; fileRef = C350C5B91E0510FE00537300 /* Main.storyboard */; };
		C350C5BD1E0510FE00537300 /* Assets.xcassets in Resources */ = {isa = PBXBuildFile; fileRef = C350C5BC1E0510FE00537300 /* Assets.xcassets */; };
		C350C5C01E0510FE00537300 /* LaunchScreen.storyboard in Resources */ = {isa = PBXBuildFile; fileRef = C350C5BE1E0510FE00537300 /* LaunchScreen.storyboard */; };
		C350C6421E05223900537300 /* NCNetCollection.m in Sources */ = {isa = PBXBuildFile; fileRef = C350C6411E05223900537300 /* NCNetCollection.m */; };
		C350C6451E05225400537300 /* NCNetDataCollect.m in Sources */ = {isa = PBXBuildFile; fileRef = C350C6441E05225400537300 /* NCNetDataCollect.m */; };
		C350C6481E0533C000537300 /* NCNetTest.m in Sources */ = {isa = PBXBuildFile; fileRef = C350C6471E0533C000537300 /* NCNetTest.m */; };
/* End PBXBuildFile section */

/* Begin PBXFileReference section */
		2C165CE90BE79A0071EACD06 /* Pods-NCNetWorkManager.debug.xcconfig */ = {isa = PBXFileReference; includeInIndex = 1; lastKnownFileType = text.xcconfig; name = "Pods-NCNetWorkManager.debug.xcconfig"; path = "Pods/Target Support Files/Pods-NCNetWorkManager/Pods-NCNetWorkManager.debug.xcconfig"; sourceTree = "<group>"; };
		770285C5A72F814A371EAF3F /* Pods-NCNetWorkManager.release.xcconfig */ = {isa = PBXFileReference; includeInIndex = 1; lastKnownFileType = text.xcconfig; name = "Pods-NCNetWorkManager.release.xcconfig"; path = "Pods/Target Support Files/Pods-NCNetWorkManager/Pods-NCNetWorkManager.release.xcconfig"; sourceTree = "<group>"; };
		BC2AF91FC65C638A57123AE6 /* Pods_NCNetWorkManager.framework */ = {isa = PBXFileReference; explicitFileType = wrapper.framework; includeInIndex = 0; path = Pods_NCNetWorkManager.framework; sourceTree = BUILT_PRODUCTS_DIR; };
		C30A14331E5EE6C500E46F2B /* MJExtension.h */ = {isa = PBXFileReference; fileEncoding = 4; lastKnownFileType = sourcecode.c.h; path = MJExtension.h; sourceTree = "<group>"; };
		C30A14341E5EE6C500E46F2B /* MJExtensionConst.h */ = {isa = PBXFileReference; fileEncoding = 4; lastKnownFileType = sourcecode.c.h; path = MJExtensionConst.h; sourceTree = "<group>"; };
		C30A14351E5EE6C500E46F2B /* MJExtensionConst.m */ = {isa = PBXFileReference; fileEncoding = 4; lastKnownFileType = sourcecode.c.objc; path = MJExtensionConst.m; sourceTree = "<group>"; };
		C30A14361E5EE6C500E46F2B /* MJFoundation.h */ = {isa = PBXFileReference; fileEncoding = 4; lastKnownFileType = sourcecode.c.h; path = MJFoundation.h; sourceTree = "<group>"; };
		C30A14371E5EE6C500E46F2B /* MJFoundation.m */ = {isa = PBXFileReference; fileEncoding = 4; lastKnownFileType = sourcecode.c.objc; path = MJFoundation.m; sourceTree = "<group>"; };
		C30A14381E5EE6C500E46F2B /* MJProperty.h */ = {isa = PBXFileReference; fileEncoding = 4; lastKnownFileType = sourcecode.c.h; path = MJProperty.h; sourceTree = "<group>"; };
		C30A14391E5EE6C500E46F2B /* MJProperty.m */ = {isa = PBXFileReference; fileEncoding = 4; lastKnownFileType = sourcecode.c.objc; path = MJProperty.m; sourceTree = "<group>"; };
		C30A143A1E5EE6C500E46F2B /* MJPropertyKey.h */ = {isa = PBXFileReference; fileEncoding = 4; lastKnownFileType = sourcecode.c.h; path = MJPropertyKey.h; sourceTree = "<group>"; };
		C30A143B1E5EE6C500E46F2B /* MJPropertyKey.m */ = {isa = PBXFileReference; fileEncoding = 4; lastKnownFileType = sourcecode.c.objc; path = MJPropertyKey.m; sourceTree = "<group>"; };
		C30A143C1E5EE6C500E46F2B /* MJPropertyType.h */ = {isa = PBXFileReference; fileEncoding = 4; lastKnownFileType = sourcecode.c.h; path = MJPropertyType.h; sourceTree = "<group>"; };
		C30A143D1E5EE6C500E46F2B /* MJPropertyType.m */ = {isa = PBXFileReference; fileEncoding = 4; lastKnownFileType = sourcecode.c.objc; path = MJPropertyType.m; sourceTree = "<group>"; };
		C30A143E1E5EE6C500E46F2B /* NSObject+MJClass.h */ = {isa = PBXFileReference; fileEncoding = 4; lastKnownFileType = sourcecode.c.h; path = "NSObject+MJClass.h"; sourceTree = "<group>"; };
		C30A143F1E5EE6C500E46F2B /* NSObject+MJClass.m */ = {isa = PBXFileReference; fileEncoding = 4; lastKnownFileType = sourcecode.c.objc; path = "NSObject+MJClass.m"; sourceTree = "<group>"; };
		C30A14401E5EE6C500E46F2B /* NSObject+MJCoding.h */ = {isa = PBXFileReference; fileEncoding = 4; lastKnownFileType = sourcecode.c.h; path = "NSObject+MJCoding.h"; sourceTree = "<group>"; };
		C30A14411E5EE6C500E46F2B /* NSObject+MJCoding.m */ = {isa = PBXFileReference; fileEncoding = 4; lastKnownFileType = sourcecode.c.objc; path = "NSObject+MJCoding.m"; sourceTree = "<group>"; };
		C30A14421E5EE6C500E46F2B /* NSObject+MJKeyValue.h */ = {isa = PBXFileReference; fileEncoding = 4; lastKnownFileType = sourcecode.c.h; path = "NSObject+MJKeyValue.h"; sourceTree = "<group>"; };
		C30A14431E5EE6C500E46F2B /* NSObject+MJKeyValue.m */ = {isa = PBXFileReference; fileEncoding = 4; lastKnownFileType = sourcecode.c.objc; path = "NSObject+MJKeyValue.m"; sourceTree = "<group>"; };
		C30A14441E5EE6C500E46F2B /* NSObject+MJProperty.h */ = {isa = PBXFileReference; fileEncoding = 4; lastKnownFileType = sourcecode.c.h; path = "NSObject+MJProperty.h"; sourceTree = "<group>"; };
		C30A14451E5EE6C500E46F2B /* NSObject+MJProperty.m */ = {isa = PBXFileReference; fileEncoding = 4; lastKnownFileType = sourcecode.c.objc; path = "NSObject+MJProperty.m"; sourceTree = "<group>"; };
		C30A14461E5EE6C500E46F2B /* NSString+MJExtension.h */ = {isa = PBXFileReference; fileEncoding = 4; lastKnownFileType = sourcecode.c.h; path = "NSString+MJExtension.h"; sourceTree = "<group>"; };
		C30A14471E5EE6C500E46F2B /* NSString+MJExtension.m */ = {isa = PBXFileReference; fileEncoding = 4; lastKnownFileType = sourcecode.c.objc; path = "NSString+MJExtension.m"; sourceTree = "<group>"; };
		C30A144A1E5EE6C500E46F2B /* NCNetModel.h */ = {isa = PBXFileReference; fileEncoding = 4; lastKnownFileType = sourcecode.c.h; path = NCNetModel.h; sourceTree = "<group>"; };
		C30A144B1E5EE6C500E46F2B /* NCNetModel.m */ = {isa = PBXFileReference; fileEncoding = 4; lastKnownFileType = sourcecode.c.objc; path = NCNetModel.m; sourceTree = "<group>"; };
		C30A144D1E5EE6C500E46F2B /* DictionaryQueue.h */ = {isa = PBXFileReference; fileEncoding = 4; lastKnownFileType = sourcecode.c.h; path = DictionaryQueue.h; sourceTree = "<group>"; };
		C30A144E1E5EE6C500E46F2B /* DictionaryQueue.m */ = {isa = PBXFileReference; fileEncoding = 4; lastKnownFileType = sourcecode.c.objc; path = DictionaryQueue.m; sourceTree = "<group>"; };
		C30A144F1E5EE6C500E46F2B /* QueueObj.h */ = {isa = PBXFileReference; fileEncoding = 4; lastKnownFileType = sourcecode.c.h; path = QueueObj.h; sourceTree = "<group>"; };
		C30A14501E5EE6C500E46F2B /* QueueObj.m */ = {isa = PBXFileReference; fileEncoding = 4; lastKnownFileType = sourcecode.c.objc; path = QueueObj.m; sourceTree = "<group>"; };
		C30A14511E5EE6C500E46F2B /* StackObj.h */ = {isa = PBXFileReference; fileEncoding = 4; lastKnownFileType = sourcecode.c.h; path = StackObj.h; sourceTree = "<group>"; };
		C30A14521E5EE6C500E46F2B /* StackObj.m */ = {isa = PBXFileReference; fileEncoding = 4; lastKnownFileType = sourcecode.c.objc; path = StackObj.m; sourceTree = "<group>"; };
		C30A14531E5EE6C500E46F2B /* NCNetManager.h */ = {isa = PBXFileReference; fileEncoding = 4; lastKnownFileType = sourcecode.c.h; path = NCNetManager.h; sourceTree = "<group>"; };
		C30A14551E5EE6C500E46F2B /* Constant.h */ = {isa = PBXFileReference; fileEncoding = 4; lastKnownFileType = sourcecode.c.h; path = Constant.h; sourceTree = "<group>"; };
		C30A14561E5EE6C500E46F2B /* NCNetWorkNetManager.h */ = {isa = PBXFileReference; fileEncoding = 4; lastKnownFileType = sourcecode.c.h; path = NCNetWorkNetManager.h; sourceTree = "<group>"; };
		C30A14571E5EE6C500E46F2B /* NCNetWorkNetManager.m */ = {isa = PBXFileReference; fileEncoding = 4; lastKnownFileType = sourcecode.c.objc; path = NCNetWorkNetManager.m; sourceTree = "<group>"; };
		C30A14581E5EE6C500E46F2B /* NCNetWorkSendManager.h */ = {isa = PBXFileReference; fileEncoding = 4; lastKnownFileType = sourcecode.c.h; path = NCNetWorkSendManager.h; sourceTree = "<group>"; };
		C30A14591E5EE6C500E46F2B /* NCNetWorkSendManager.m */ = {isa = PBXFileReference; fileEncoding = 4; lastKnownFileType = sourcecode.c.objc; path = NCNetWorkSendManager.m; sourceTree = "<group>"; };
		C30A145A1E5EE6C500E46F2B /* NCNetWorkWrapStruct.h */ = {isa = PBXFileReference; fileEncoding = 4; lastKnownFileType = sourcecode.c.h; path = NCNetWorkWrapStruct.h; sourceTree = "<group>"; };
		C30A145B1E5EE6C500E46F2B /* NCNetWorkWrapStruct.m */ = {isa = PBXFileReference; fileEncoding = 4; lastKnownFileType = sourcecode.c.objc; path = NCNetWorkWrapStruct.m; sourceTree = "<group>"; };
		C30A145C1E5EE6C500E46F2B /* NSArray+AssociatedObject.h */ = {isa = PBXFileReference; fileEncoding = 4; lastKnownFileType = sourcecode.c.h; path = "NSArray+AssociatedObject.h"; sourceTree = "<group>"; };
		C30A145D1E5EE6C500E46F2B /* NSArray+AssociatedObject.m */ = {isa = PBXFileReference; fileEncoding = 4; lastKnownFileType = sourcecode.c.objc; path = "NSArray+AssociatedObject.m"; sourceTree = "<group>"; };
		C30A145E1E5EE6C500E46F2B /* NSObject+AssociatedObject.h */ = {isa = PBXFileReference; fileEncoding = 4; lastKnownFileType = sourcecode.c.h; path = "NSObject+AssociatedObject.h"; sourceTree = "<group>"; };
		C30A145F1E5EE6C500E46F2B /* NSObject+AssociatedObject.m */ = {isa = PBXFileReference; fileEncoding = 4; lastKnownFileType = sourcecode.c.objc; path = "NSObject+AssociatedObject.m"; sourceTree = "<group>"; };
		C350C5AD1E0510FE00537300 /* NCNetWorkManager.app */ = {isa = PBXFileReference; explicitFileType = wrapper.application; includeInIndex = 0; path = NCNetWorkManager.app; sourceTree = BUILT_PRODUCTS_DIR; };
		C350C5B11E0510FE00537300 /* main.m */ = {isa = PBXFileReference; lastKnownFileType = sourcecode.c.objc; path = main.m; sourceTree = "<group>"; };
		C350C5B31E0510FE00537300 /* AppDelegate.h */ = {isa = PBXFileReference; lastKnownFileType = sourcecode.c.h; path = AppDelegate.h; sourceTree = "<group>"; };
		C350C5B41E0510FE00537300 /* AppDelegate.m */ = {isa = PBXFileReference; lastKnownFileType = sourcecode.c.objc; path = AppDelegate.m; sourceTree = "<group>"; };
		C350C5B61E0510FE00537300 /* ViewController.h */ = {isa = PBXFileReference; lastKnownFileType = sourcecode.c.h; path = ViewController.h; sourceTree = "<group>"; };
		C350C5B71E0510FE00537300 /* ViewController.m */ = {isa = PBXFileReference; lastKnownFileType = sourcecode.c.objc; path = ViewController.m; sourceTree = "<group>"; };
		C350C5BA1E0510FE00537300 /* Base */ = {isa = PBXFileReference; lastKnownFileType = file.storyboard; name = Base; path = Base.lproj/Main.storyboard; sourceTree = "<group>"; };
		C350C5BC1E0510FE00537300 /* Assets.xcassets */ = {isa = PBXFileReference; lastKnownFileType = folder.assetcatalog; path = Assets.xcassets; sourceTree = "<group>"; };
		C350C5BF1E0510FE00537300 /* Base */ = {isa = PBXFileReference; lastKnownFileType = file.storyboard; name = Base; path = Base.lproj/LaunchScreen.storyboard; sourceTree = "<group>"; };
		C350C5C11E0510FE00537300 /* Info.plist */ = {isa = PBXFileReference; lastKnownFileType = text.plist.xml; path = Info.plist; sourceTree = "<group>"; };
		C350C63E1E0511CC00537300 /* NCNetManager.pch */ = {isa = PBXFileReference; fileEncoding = 4; lastKnownFileType = sourcecode.c.h; path = NCNetManager.pch; sourceTree = "<group>"; };
		C350C6401E05223900537300 /* NCNetCollection.h */ = {isa = PBXFileReference; fileEncoding = 4; lastKnownFileType = sourcecode.c.h; path = NCNetCollection.h; sourceTree = "<group>"; };
		C350C6411E05223900537300 /* NCNetCollection.m */ = {isa = PBXFileReference; fileEncoding = 4; lastKnownFileType = sourcecode.c.objc; path = NCNetCollection.m; sourceTree = "<group>"; };
		C350C6431E05225400537300 /* NCNetDataCollect.h */ = {isa = PBXFileReference; fileEncoding = 4; lastKnownFileType = sourcecode.c.h; path = NCNetDataCollect.h; sourceTree = "<group>"; };
		C350C6441E05225400537300 /* NCNetDataCollect.m */ = {isa = PBXFileReference; fileEncoding = 4; lastKnownFileType = sourcecode.c.objc; path = NCNetDataCollect.m; sourceTree = "<group>"; };
		C350C6461E0533C000537300 /* NCNetTest.h */ = {isa = PBXFileReference; fileEncoding = 4; lastKnownFileType = sourcecode.c.h; path = NCNetTest.h; sourceTree = "<group>"; };
		C350C6471E0533C000537300 /* NCNetTest.m */ = {isa = PBXFileReference; fileEncoding = 4; lastKnownFileType = sourcecode.c.objc; path = NCNetTest.m; sourceTree = "<group>"; };
/* End PBXFileReference section */

/* Begin PBXFrameworksBuildPhase section */
		C350C5AA1E0510FE00537300 /* Frameworks */ = {
			isa = PBXFrameworksBuildPhase;
			buildActionMask = 2147483647;
			files = (
				8CBFBB4A661E7A1E0B845828 /* Pods_NCNetWorkManager.framework in Frameworks */,
			);
			runOnlyForDeploymentPostprocessing = 0;
		};
/* End PBXFrameworksBuildPhase section */

/* Begin PBXGroup section */
		C30A142E1E5EE6C500E46F2B /* NCNetWorkManager */ = {
			isa = PBXGroup;
			children = (
				C30A142F1E5EE6C500E46F2B /* AFNetworking */,
				C30A14321E5EE6C500E46F2B /* MJExtension */,
				C30A14481E5EE6C500E46F2B /* ModelData */,
				C30A14531E5EE6C500E46F2B /* NCNetManager.h */,
				C30A14541E5EE6C500E46F2B /* Net */,
			);
			path = NCNetWorkManager;
			sourceTree = "<group>";
		};
		C30A142F1E5EE6C500E46F2B /* AFNetworking */ = {
			isa = PBXGroup;
			children = (
				C30A14301E5EE6C500E46F2B /* AFNetworking */,
				C30A14311E5EE6C500E46F2B /* UIKit+AFNetworking */,
			);
			path = AFNetworking;
			sourceTree = "<group>";
		};
		C30A14301E5EE6C500E46F2B /* AFNetworking */ = {
			isa = PBXGroup;
			children = (
			);
			path = AFNetworking;
			sourceTree = "<group>";
		};
		C30A14311E5EE6C500E46F2B /* UIKit+AFNetworking */ = {
			isa = PBXGroup;
			children = (
			);
			path = "UIKit+AFNetworking";
			sourceTree = "<group>";
		};
		C30A14321E5EE6C500E46F2B /* MJExtension */ = {
			isa = PBXGroup;
			children = (
				C30A14331E5EE6C500E46F2B /* MJExtension.h */,
				C30A14341E5EE6C500E46F2B /* MJExtensionConst.h */,
				C30A14351E5EE6C500E46F2B /* MJExtensionConst.m */,
				C30A14361E5EE6C500E46F2B /* MJFoundation.h */,
				C30A14371E5EE6C500E46F2B /* MJFoundation.m */,
				C30A14381E5EE6C500E46F2B /* MJProperty.h */,
				C30A14391E5EE6C500E46F2B /* MJProperty.m */,
				C30A143A1E5EE6C500E46F2B /* MJPropertyKey.h */,
				C30A143B1E5EE6C500E46F2B /* MJPropertyKey.m */,
				C30A143C1E5EE6C500E46F2B /* MJPropertyType.h */,
				C30A143D1E5EE6C500E46F2B /* MJPropertyType.m */,
				C30A143E1E5EE6C500E46F2B /* NSObject+MJClass.h */,
				C30A143F1E5EE6C500E46F2B /* NSObject+MJClass.m */,
				C30A14401E5EE6C500E46F2B /* NSObject+MJCoding.h */,
				C30A14411E5EE6C500E46F2B /* NSObject+MJCoding.m */,
				C30A14421E5EE6C500E46F2B /* NSObject+MJKeyValue.h */,
				C30A14431E5EE6C500E46F2B /* NSObject+MJKeyValue.m */,
				C30A14441E5EE6C500E46F2B /* NSObject+MJProperty.h */,
				C30A14451E5EE6C500E46F2B /* NSObject+MJProperty.m */,
				C30A14461E5EE6C500E46F2B /* NSString+MJExtension.h */,
				C30A14471E5EE6C500E46F2B /* NSString+MJExtension.m */,
			);
			path = MJExtension;
			sourceTree = "<group>";
		};
		C30A14481E5EE6C500E46F2B /* ModelData */ = {
			isa = PBXGroup;
			children = (
				C30A14491E5EE6C500E46F2B /* DataModel */,
				C30A144C1E5EE6C500E46F2B /* DataStructure */,
			);
			path = ModelData;
			sourceTree = "<group>";
		};
		C30A14491E5EE6C500E46F2B /* DataModel */ = {
			isa = PBXGroup;
			children = (
				C30A144A1E5EE6C500E46F2B /* NCNetModel.h */,
				C30A144B1E5EE6C500E46F2B /* NCNetModel.m */,
			);
			path = DataModel;
			sourceTree = "<group>";
		};
		C30A144C1E5EE6C500E46F2B /* DataStructure */ = {
			isa = PBXGroup;
			children = (
				C30A144D1E5EE6C500E46F2B /* DictionaryQueue.h */,
				C30A144E1E5EE6C500E46F2B /* DictionaryQueue.m */,
				C30A144F1E5EE6C500E46F2B /* QueueObj.h */,
				C30A14501E5EE6C500E46F2B /* QueueObj.m */,
				C30A14511E5EE6C500E46F2B /* StackObj.h */,
				C30A14521E5EE6C500E46F2B /* StackObj.m */,
			);
			path = DataStructure;
			sourceTree = "<group>";
		};
		C30A14541E5EE6C500E46F2B /* Net */ = {
			isa = PBXGroup;
			children = (
				C30A14551E5EE6C500E46F2B /* Constant.h */,
				C30A14561E5EE6C500E46F2B /* NCNetWorkNetManager.h */,
				C30A14571E5EE6C500E46F2B /* NCNetWorkNetManager.m */,
				C30A14581E5EE6C500E46F2B /* NCNetWorkSendManager.h */,
				C30A14591E5EE6C500E46F2B /* NCNetWorkSendManager.m */,
				C30A145A1E5EE6C500E46F2B /* NCNetWorkWrapStruct.h */,
				C30A145B1E5EE6C500E46F2B /* NCNetWorkWrapStruct.m */,
				C30A145C1E5EE6C500E46F2B /* NSArray+AssociatedObject.h */,
				C30A145D1E5EE6C500E46F2B /* NSArray+AssociatedObject.m */,
				C30A145E1E5EE6C500E46F2B /* NSObject+AssociatedObject.h */,
				C30A145F1E5EE6C500E46F2B /* NSObject+AssociatedObject.m */,
			);
			path = Net;
			sourceTree = "<group>";
		};
		C350C5A41E0510FE00537300 = {
			isa = PBXGroup;
			children = (
				C350C5AF1E0510FE00537300 /* NCNetWorkManager */,
				C350C5AE1E0510FE00537300 /* Products */,
				D4F55838ACACC92AB02B68F9 /* Pods */,
				FD1E165A3B8ACCA731252E69 /* Frameworks */,
			);
			sourceTree = "<group>";
		};
		C350C5AE1E0510FE00537300 /* Products */ = {
			isa = PBXGroup;
			children = (
				C350C5AD1E0510FE00537300 /* NCNetWorkManager.app */,
			);
			name = Products;
			sourceTree = "<group>";
		};
		C350C5AF1E0510FE00537300 /* NCNetWorkManager */ = {
			isa = PBXGroup;
			children = (
				C350C5B31E0510FE00537300 /* AppDelegate.h */,
				C350C5B41E0510FE00537300 /* AppDelegate.m */,
				C350C5B61E0510FE00537300 /* ViewController.h */,
				C350C5B71E0510FE00537300 /* ViewController.m */,
				C350C6401E05223900537300 /* NCNetCollection.h */,
				C350C6411E05223900537300 /* NCNetCollection.m */,
				C350C6431E05225400537300 /* NCNetDataCollect.h */,
				C350C6441E05225400537300 /* NCNetDataCollect.m */,
				C350C6461E0533C000537300 /* NCNetTest.h */,
				C350C6471E0533C000537300 /* NCNetTest.m */,
				C350C5B91E0510FE00537300 /* Main.storyboard */,
				C30A142E1E5EE6C500E46F2B /* NCNetWorkManager */,
				C350C5BC1E0510FE00537300 /* Assets.xcassets */,
				C350C5BE1E0510FE00537300 /* LaunchScreen.storyboard */,
				C350C5C11E0510FE00537300 /* Info.plist */,
				C350C5B01E0510FE00537300 /* Supporting Files */,
			);
			path = NCNetWorkManager;
			sourceTree = "<group>";
		};
		C350C5B01E0510FE00537300 /* Supporting Files */ = {
			isa = PBXGroup;
			children = (
				C350C63E1E0511CC00537300 /* NCNetManager.pch */,
				C350C5B11E0510FE00537300 /* main.m */,
			);
			name = "Supporting Files";
			sourceTree = "<group>";
		};
		D4F55838ACACC92AB02B68F9 /* Pods */ = {
			isa = PBXGroup;
			children = (
				2C165CE90BE79A0071EACD06 /* Pods-NCNetWorkManager.debug.xcconfig */,
				770285C5A72F814A371EAF3F /* Pods-NCNetWorkManager.release.xcconfig */,
			);
			name = Pods;
			sourceTree = "<group>";
		};
		FD1E165A3B8ACCA731252E69 /* Frameworks */ = {
			isa = PBXGroup;
			children = (
				BC2AF91FC65C638A57123AE6 /* Pods_NCNetWorkManager.framework */,
			);
			name = Frameworks;
			sourceTree = "<group>";
		};
/* End PBXGroup section */

/* Begin PBXNativeTarget section */
		C350C5AC1E0510FE00537300 /* NCNetWorkManager */ = {
			isa = PBXNativeTarget;
			buildConfigurationList = C350C5C41E0510FE00537300 /* Build configuration list for PBXNativeTarget "NCNetWorkManager" */;
			buildPhases = (
				1D8EB2B6193D468A76DE5772 /* [CP] Check Pods Manifest.lock */,
				C350C5A91E0510FE00537300 /* Sources */,
				C350C5AA1E0510FE00537300 /* Frameworks */,
				C350C5AB1E0510FE00537300 /* Resources */,
				8B341DEF5EF81BA3C305EF44 /* [CP] Embed Pods Frameworks */,
				8FE14FF5B5B540EF611E1702 /* [CP] Copy Pods Resources */,
			);
			buildRules = (
			);
			dependencies = (
			);
			name = NCNetWorkManager;
			productName = NCNetWorkManager;
			productReference = C350C5AD1E0510FE00537300 /* NCNetWorkManager.app */;
			productType = "com.apple.product-type.application";
		};
/* End PBXNativeTarget section */

/* Begin PBXProject section */
		C350C5A51E0510FE00537300 /* Project object */ = {
			isa = PBXProject;
			attributes = {
				LastUpgradeCheck = 0820;
				ORGANIZATIONNAME = "luck chen";
				TargetAttributes = {
					C350C5AC1E0510FE00537300 = {
						CreatedOnToolsVersion = 8.1;
						DevelopmentTeam = 2CX66TMZVK;
						ProvisioningStyle = Automatic;
					};
				};
			};
			buildConfigurationList = C350C5A81E0510FE00537300 /* Build configuration list for PBXProject "NCNetWorkManager" */;
			compatibilityVersion = "Xcode 3.2";
			developmentRegion = English;
			hasScannedForEncodings = 0;
			knownRegions = (
				en,
				Base,
			);
			mainGroup = C350C5A41E0510FE00537300;
			productRefGroup = C350C5AE1E0510FE00537300 /* Products */;
			projectDirPath = "";
			projectRoot = "";
			targets = (
				C350C5AC1E0510FE00537300 /* NCNetWorkManager */,
			);
		};
/* End PBXProject section */

/* Begin PBXResourcesBuildPhase section */
		C350C5AB1E0510FE00537300 /* Resources */ = {
			isa = PBXResourcesBuildPhase;
			buildActionMask = 2147483647;
			files = (
				C350C5C01E0510FE00537300 /* LaunchScreen.storyboard in Resources */,
				C350C5BD1E0510FE00537300 /* Assets.xcassets in Resources */,
				C350C5BB1E0510FE00537300 /* Main.storyboard in Resources */,
			);
			runOnlyForDeploymentPostprocessing = 0;
		};
/* End PBXResourcesBuildPhase section */

/* Begin PBXShellScriptBuildPhase section */
		1D8EB2B6193D468A76DE5772 /* [CP] Check Pods Manifest.lock */ = {
			isa = PBXShellScriptBuildPhase;
			buildActionMask = 2147483647;
			files = (
			);
			inputPaths = (
			);
			name = "[CP] Check Pods Manifest.lock";
			outputPaths = (
			);
			runOnlyForDeploymentPostprocessing = 0;
			shellPath = /bin/sh;
			shellScript = "diff \"${PODS_ROOT}/../Podfile.lock\" \"${PODS_ROOT}/Manifest.lock\" > /dev/null\nif [ $? != 0 ] ; then\n    # print error to STDERR\n    echo \"error: The sandbox is not in sync with the Podfile.lock. Run 'pod install' or update your CocoaPods installation.\" >&2\n    exit 1\nfi\n";
			showEnvVarsInLog = 0;
		};
		8B341DEF5EF81BA3C305EF44 /* [CP] Embed Pods Frameworks */ = {
			isa = PBXShellScriptBuildPhase;
			buildActionMask = 2147483647;
			files = (
			);
			inputPaths = (
			);
			name = "[CP] Embed Pods Frameworks";
			outputPaths = (
			);
			runOnlyForDeploymentPostprocessing = 0;
			shellPath = /bin/sh;
			shellScript = "\"${SRCROOT}/Pods/Target Support Files/Pods-NCNetWorkManager/Pods-NCNetWorkManager-frameworks.sh\"\n";
			showEnvVarsInLog = 0;
		};
		8FE14FF5B5B540EF611E1702 /* [CP] Copy Pods Resources */ = {
			isa = PBXShellScriptBuildPhase;
			buildActionMask = 2147483647;
			files = (
			);
			inputPaths = (
			);
			name = "[CP] Copy Pods Resources";
			outputPaths = (
			);
			runOnlyForDeploymentPostprocessing = 0;
			shellPath = /bin/sh;
			shellScript = "\"${SRCROOT}/Pods/Target Support Files/Pods-NCNetWorkManager/Pods-NCNetWorkManager-resources.sh\"\n";
			showEnvVarsInLog = 0;
		};
/* End PBXShellScriptBuildPhase section */

/* Begin PBXSourcesBuildPhase section */
		C350C5A91E0510FE00537300 /* Sources */ = {
			isa = PBXSourcesBuildPhase;
			buildActionMask = 2147483647;
			files = (
				C350C5B81E0510FE00537300 /* ViewController.m in Sources */,
				C350C5B51E0510FE00537300 /* AppDelegate.m in Sources */,
				C30A14601E5EE6C500E46F2B /* MJExtensionConst.m in Sources */,
				C350C5B21E0510FE00537300 /* main.m in Sources */,
				C30A146C1E5EE6C500E46F2B /* QueueObj.m in Sources */,
				C30A146A1E5EE6C500E46F2B /* NCNetModel.m in Sources */,
				C30A14621E5EE6C500E46F2B /* MJProperty.m in Sources */,
				C30A14641E5EE6C500E46F2B /* MJPropertyType.m in Sources */,
				C350C6451E05225400537300 /* NCNetDataCollect.m in Sources */,
				C30A14681E5EE6C500E46F2B /* NSObject+MJProperty.m in Sources */,
				C30A14691E5EE6C500E46F2B /* NSString+MJExtension.m in Sources */,
				C30A14661E5EE6C500E46F2B /* NSObject+MJCoding.m in Sources */,
				C30A14701E5EE6C500E46F2B /* NCNetWorkWrapStruct.m in Sources */,
				C350C6421E05223900537300 /* NCNetCollection.m in Sources */,
				C30A14631E5EE6C500E46F2B /* MJPropertyKey.m in Sources */,
				C30A14721E5EE6C500E46F2B /* NSObject+AssociatedObject.m in Sources */,
				C30A14711E5EE6C500E46F2B /* NSArray+AssociatedObject.m in Sources */,
				C30A146E1E5EE6C500E46F2B /* NCNetWorkNetManager.m in Sources */,
				C30A14671E5EE6C500E46F2B /* NSObject+MJKeyValue.m in Sources */,
				C30A14651E5EE6C500E46F2B /* NSObject+MJClass.m in Sources */,
				C30A146F1E5EE6C500E46F2B /* NCNetWorkSendManager.m in Sources */,
				C30A146B1E5EE6C500E46F2B /* DictionaryQueue.m in Sources */,
				C350C6481E0533C000537300 /* NCNetTest.m in Sources */,
				C30A146D1E5EE6C500E46F2B /* StackObj.m in Sources */,
				C30A14611E5EE6C500E46F2B /* MJFoundation.m in Sources */,
			);
			runOnlyForDeploymentPostprocessing = 0;
		};
/* End PBXSourcesBuildPhase section */

/* Begin PBXVariantGroup section */
		C350C5B91E0510FE00537300 /* Main.storyboard */ = {
			isa = PBXVariantGroup;
			children = (
				C350C5BA1E0510FE00537300 /* Base */,
			);
			name = Main.storyboard;
			sourceTree = "<group>";
		};
		C350C5BE1E0510FE00537300 /* LaunchScreen.storyboard */ = {
			isa = PBXVariantGroup;
			children = (
				C350C5BF1E0510FE00537300 /* Base */,
			);
			name = LaunchScreen.storyboard;
			sourceTree = "<group>";
		};
/* End PBXVariantGroup section */

/* Begin XCBuildConfiguration section */
		C350C5C21E0510FE00537300 /* Debug */ = {
			isa = XCBuildConfiguration;
			buildSettings = {
				ALWAYS_SEARCH_USER_PATHS = NO;
				CLANG_ANALYZER_NONNULL = YES;
				CLANG_CXX_LANGUAGE_STANDARD = "gnu++0x";
				CLANG_CXX_LIBRARY = "libc++";
				CLANG_ENABLE_MODULES = YES;
				CLANG_ENABLE_OBJC_ARC = YES;
				CLANG_WARN_BOOL_CONVERSION = YES;
				CLANG_WARN_CONSTANT_CONVERSION = YES;
				CLANG_WARN_DIRECT_OBJC_ISA_USAGE = YES_ERROR;
				CLANG_WARN_DOCUMENTATION_COMMENTS = YES;
				CLANG_WARN_EMPTY_BODY = YES;
				CLANG_WARN_ENUM_CONVERSION = YES;
				CLANG_WARN_INFINITE_RECURSION = YES;
				CLANG_WARN_INT_CONVERSION = YES;
				CLANG_WARN_OBJC_ROOT_CLASS = YES_ERROR;
				CLANG_WARN_SUSPICIOUS_MOVE = YES;
				CLANG_WARN_SUSPICIOUS_MOVES = YES;
				CLANG_WARN_UNREACHABLE_CODE = YES;
				CLANG_WARN__DUPLICATE_METHOD_MATCH = YES;
				"CODE_SIGN_IDENTITY[sdk=iphoneos*]" = "iPhone Developer";
				COPY_PHASE_STRIP = NO;
				DEBUG_INFORMATION_FORMAT = dwarf;
				ENABLE_STRICT_OBJC_MSGSEND = YES;
				ENABLE_TESTABILITY = YES;
				GCC_C_LANGUAGE_STANDARD = gnu99;
				GCC_DYNAMIC_NO_PIC = NO;
				GCC_NO_COMMON_BLOCKS = YES;
				GCC_OPTIMIZATION_LEVEL = 0;
				GCC_PREPROCESSOR_DEFINITIONS = (
					"DEBUG=1",
					"$(inherited)",
				);
				GCC_WARN_64_TO_32_BIT_CONVERSION = YES;
				GCC_WARN_ABOUT_RETURN_TYPE = YES_ERROR;
				GCC_WARN_UNDECLARED_SELECTOR = YES;
				GCC_WARN_UNINITIALIZED_AUTOS = YES_AGGRESSIVE;
				GCC_WARN_UNUSED_FUNCTION = YES;
				GCC_WARN_UNUSED_VARIABLE = YES;
				IPHONEOS_DEPLOYMENT_TARGET = 10.2;
				MTL_ENABLE_DEBUG_INFO = YES;
				ONLY_ACTIVE_ARCH = YES;
				OTHER_LDFLAGS = "-ObjC";
				SDKROOT = iphoneos;
			};
			name = Debug;
		};
		C350C5C31E0510FE00537300 /* Release */ = {
			isa = XCBuildConfiguration;
			buildSettings = {
				ALWAYS_SEARCH_USER_PATHS = NO;
				CLANG_ANALYZER_NONNULL = YES;
				CLANG_CXX_LANGUAGE_STANDARD = "gnu++0x";
				CLANG_CXX_LIBRARY = "libc++";
				CLANG_ENABLE_MODULES = YES;
				CLANG_ENABLE_OBJC_ARC = YES;
				CLANG_WARN_BOOL_CONVERSION = YES;
				CLANG_WARN_CONSTANT_CONVERSION = YES;
				CLANG_WARN_DIRECT_OBJC_ISA_USAGE = YES_ERROR;
				CLANG_WARN_DOCUMENTATION_COMMENTS = YES;
				CLANG_WARN_EMPTY_BODY = YES;
				CLANG_WARN_ENUM_CONVERSION = YES;
				CLANG_WARN_INFINITE_RECURSION = YES;
				CLANG_WARN_INT_CONVERSION = YES;
				CLANG_WARN_OBJC_ROOT_CLASS = YES_ERROR;
				CLANG_WARN_SUSPICIOUS_MOVE = YES;
				CLANG_WARN_SUSPICIOUS_MOVES = YES;
				CLANG_WARN_UNREACHABLE_CODE = YES;
				CLANG_WARN__DUPLICATE_METHOD_MATCH = YES;
				"CODE_SIGN_IDENTITY[sdk=iphoneos*]" = "iPhone Developer";
				COPY_PHASE_STRIP = NO;
				DEBUG_INFORMATION_FORMAT = "dwarf-with-dsym";
				ENABLE_NS_ASSERTIONS = NO;
				ENABLE_STRICT_OBJC_MSGSEND = YES;
				GCC_C_LANGUAGE_STANDARD = gnu99;
				GCC_NO_COMMON_BLOCKS = YES;
				GCC_WARN_64_TO_32_BIT_CONVERSION = YES;
				GCC_WARN_ABOUT_RETURN_TYPE = YES_ERROR;
				GCC_WARN_UNDECLARED_SELECTOR = YES;
				GCC_WARN_UNINITIALIZED_AUTOS = YES_AGGRESSIVE;
				GCC_WARN_UNUSED_FUNCTION = YES;
				GCC_WARN_UNUSED_VARIABLE = YES;
				IPHONEOS_DEPLOYMENT_TARGET = 10.2;
				MTL_ENABLE_DEBUG_INFO = NO;
				OTHER_LDFLAGS = "-ObjC";
				SDKROOT = iphoneos;
				VALIDATE_PRODUCT = YES;
			};
			name = Release;
		};
		C350C5C51E0510FE00537300 /* Debug */ = {
			isa = XCBuildConfiguration;
			baseConfigurationReference = 2C165CE90BE79A0071EACD06 /* Pods-NCNetWorkManager.debug.xcconfig */;
			buildSettings = {
				ASSETCATALOG_COMPILER_APPICON_NAME = AppIcon;
				DEVELOPMENT_TEAM = 2CX66TMZVK;
				GCC_PREFIX_HEADER = NCNetWorkManager/NCNetManager.pch;
				INFOPLIST_FILE = NCNetWorkManager/Info.plist;
				IPHONEOS_DEPLOYMENT_TARGET = 8.0;
				LD_RUNPATH_SEARCH_PATHS = "$(inherited) @executable_path/Frameworks";
				PRODUCT_BUNDLE_IDENTIFIER = chen.NCNetWorkManager;
				PRODUCT_NAME = "$(TARGET_NAME)";
			};
			name = Debug;
		};
		C350C5C61E0510FE00537300 /* Release */ = {
			isa = XCBuildConfiguration;
			baseConfigurationReference = 770285C5A72F814A371EAF3F /* Pods-NCNetWorkManager.release.xcconfig */;
			buildSettings = {
				ASSETCATALOG_COMPILER_APPICON_NAME = AppIcon;
				DEVELOPMENT_TEAM = 2CX66TMZVK;
				GCC_PREFIX_HEADER = NCNetWorkManager/NCNetManager.pch;
				INFOPLIST_FILE = NCNetWorkManager/Info.plist;
				IPHONEOS_DEPLOYMENT_TARGET = 8.0;
				LD_RUNPATH_SEARCH_PATHS = "$(inherited) @executable_path/Frameworks";
				PRODUCT_BUNDLE_IDENTIFIER = chen.NCNetWorkManager;
				PRODUCT_NAME = "$(TARGET_NAME)";
			};
			name = Release;
		};
/* End XCBuildConfiguration section */

/* Begin XCConfigurationList section */
		C350C5A81E0510FE00537300 /* Build configuration list for PBXProject "NCNetWorkManager" */ = {
			isa = XCConfigurationList;
			buildConfigurations = (
				C350C5C21E0510FE00537300 /* Debug */,
				C350C5C31E0510FE00537300 /* Release */,
			);
			defaultConfigurationIsVisible = 0;
			defaultConfigurationName = Release;
		};
		C350C5C41E0510FE00537300 /* Build configuration list for PBXNativeTarget "NCNetWorkManager" */ = {
			isa = XCConfigurationList;
			buildConfigurations = (
				C350C5C51E0510FE00537300 /* Debug */,
				C350C5C61E0510FE00537300 /* Release */,
			);
			defaultConfigurationIsVisible = 0;
			defaultConfigurationName = Release;
		};
/* End XCConfigurationList section */
	};
	rootObject = C350C5A51E0510FE00537300 /* Project object */;
}
